
Microsoft Visual Studio Solution File, Format Version 12.00
# Visual Studio 15
VisualStudioVersion = 15.0.27130.2027
MinimumVisualStudioVersion = 10.0.40219.1
Project("{FAE04EC0-301F-11D3-BF4B-00C04F79EFBC}") = "stack", "stack\stack.csproj", "{40B74028-BB0E-4215-9910-8267887DF458}"
EndProject
Global
	GlobalSection(SolutionConfigurationPlatforms) = preSolution
		Debug|Any CPU = Debug|Any CPU
		Release|Any CPU = Release|Any CPU
	EndGlobalSection
	GlobalSection(ProjectConfigurationPlatforms) = postSolution
		{40B74028-BB0E-4215-9910-8267887DF458}.Debug|Any CPU.ActiveCfg = Debug|Any CPU
		{40B74028-BB0E-4215-9910-8267887DF458}.Debug|Any CPU.Build.0 = Debug|Any CPU
		{40B74028-BB0E-4215-9910-8267887DF458}.Release|Any CPU.ActiveCfg = Release|Any CPU
		{40B74028-BB0E-4215-9910-8267887DF458}.Release|Any CPU.Build.0 = Release|Any CPU
	EndGlobalSection
	GlobalSection(SolutionProperties) = preSolution
		HideSolutionNode = FALSE
	EndGlobalSection
	GlobalSection(ExtensibilityGlobals) = postSolution
		SolutionGuid = {D00820C4-4D12-4872-A8C3-688B7AEB1C18}
	EndGlobalSection
EndGlobal
